// !$*UTF8*$!
{
	archiveVersion = 1;
	classes = {
	};
	objectVersion = 46;
	objects = {

/* Begin PBXBuildFile section */
		4900F39A1EB496F1000CF2FD /* AppDelegate.swift in Sources */ = {isa = PBXBuildFile; fileRef = 4900F3991EB496F1000CF2FD /* AppDelegate.swift */; };
		4900F39C1EB496F1000CF2FD /* ViewController.swift in Sources */ = {isa = PBXBuildFile; fileRef = 4900F39B1EB496F1000CF2FD /* ViewController.swift */; };
		4900F39F1EB496F1000CF2FD /* Main.storyboard in Resources */ = {isa = PBXBuildFile; fileRef = 4900F39D1EB496F1000CF2FD /* Main.storyboard */; };
		4900F3A11EB496F1000CF2FD /* Assets.xcassets in Resources */ = {isa = PBXBuildFile; fileRef = 4900F3A01EB496F1000CF2FD /* Assets.xcassets */; };
		4900F3A41EB496F1000CF2FD /* LaunchScreen.storyboard in Resources */ = {isa = PBXBuildFile; fileRef = 4900F3A21EB496F1000CF2FD /* LaunchScreen.storyboard */; };
		4900F3AF1EB496F2000CF2FD /* LocalServiceTests.swift in Sources */ = {isa = PBXBuildFile; fileRef = 4900F3AE1EB496F2000CF2FD /* LocalServiceTests.swift */; };
		4900F3BA1EB496F2000CF2FD /* LocalServiceUITests.swift in Sources */ = {isa = PBXBuildFile; fileRef = 4900F3B91EB496F2000CF2FD /* LocalServiceUITests.swift */; };
/* End PBXBuildFile section */

/* Begin PBXContainerItemProxy section */
		4900F3AB1EB496F2000CF2FD /* PBXContainerItemProxy */ = {
			isa = PBXContainerItemProxy;
			containerPortal = 4900F38E1EB496F1000CF2FD /* Project object */;
			proxyType = 1;
			remoteGlobalIDString = 4900F3951EB496F1000CF2FD;
			remoteInfo = LocalService;
		};
		4900F3B61EB496F2000CF2FD /* PBXContainerItemProxy */ = {
			isa = PBXContainerItemProxy;
			containerPortal = 4900F38E1EB496F1000CF2FD /* Project object */;
			proxyType = 1;
			remoteGlobalIDString = 4900F3951EB496F1000CF2FD;
			remoteInfo = LocalService;
		};
/* End PBXContainerItemProxy section */

/* Begin PBXFileReference section */
		4900F3961EB496F1000CF2FD /* LocalService.app */ = {isa = PBXFileReference; explicitFileType = wrapper.application; includeInIndex = 0; path = LocalService.app; sourceTree = BUILT_PRODUCTS_DIR; };
		4900F3991EB496F1000CF2FD /* AppDelegate.swift */ = {isa = PBXFileReference; lastKnownFileType = sourcecode.swift; path = AppDelegate.swift; sourceTree = "<group>"; };
		4900F39B1EB496F1000CF2FD /* ViewController.swift */ = {isa = PBXFileReference; lastKnownFileType = sourcecode.swift; path = ViewController.swift; sourceTree = "<group>"; };
		4900F39E1EB496F1000CF2FD /* Base */ = {isa = PBXFileReference; lastKnownFileType = file.storyboard; name = Base; path = Base.lproj/Main.storyboard; sourceTree = "<group>"; };
		4900F3A01EB496F1000CF2FD /* Assets.xcassets */ = {isa = PBXFileReference; lastKnownFileType = folder.assetcatalog; path = Assets.xcassets; sourceTree = "<group>"; };
		4900F3A31EB496F1000CF2FD /* Base */ = {isa = PBXFileReference; lastKnownFileType = file.storyboard; name = Base; path = Base.lproj/LaunchScreen.storyboard; sourceTree = "<group>"; };
		4900F3A51EB496F1000CF2FD /* Info.plist */ = {isa = PBXFileReference; lastKnownFileType = text.plist.xml; path = Info.plist; sourceTree = "<group>"; };
		4900F3AA1EB496F2000CF2FD /* LocalServiceTests.xctest */ = {isa = PBXFileReference; explicitFileType = wrapper.cfbundle; includeInIndex = 0; path = LocalServiceTests.xctest; sourceTree = BUILT_PRODUCTS_DIR; };
		4900F3AE1EB496F2000CF2FD /* LocalServiceTests.swift */ = {isa = PBXFileReference; lastKnownFileType = sourcecode.swift; path = LocalServiceTests.swift; sourceTree = "<group>"; };
		4900F3B01EB496F2000CF2FD /* Info.plist */ = {isa = PBXFileReference; lastKnownFileType = text.plist.xml; path = Info.plist; sourceTree = "<group>"; };
		4900F3B51EB496F2000CF2FD /* LocalServiceUITests.xctest */ = {isa = PBXFileReference; explicitFileType = wrapper.cfbundle; includeInIndex = 0; path = LocalServiceUITests.xctest; sourceTree = BUILT_PRODUCTS_DIR; };
		4900F3B91EB496F2000CF2FD /* LocalServiceUITests.swift */ = {isa = PBXFileReference; lastKnownFileType = sourcecode.swift; path = LocalServiceUITests.swift; sourceTree = "<group>"; };
		4900F3BB1EB496F2000CF2FD /* Info.plist */ = {isa = PBXFileReference; lastKnownFileType = text.plist.xml; path = Info.plist; sourceTree = "<group>"; };
/* End PBXFileReference section */

/* Begin PBXFrameworksBuildPhase section */
		4900F3931EB496F1000CF2FD /* Frameworks */ = {
			isa = PBXFrameworksBuildPhase;
			buildActionMask = 2147483647;
			files = (
			);
			runOnlyForDeploymentPostprocessing = 0;
		};
		4900F3A71EB496F2000CF2FD /* Frameworks */ = {
			isa = PBXFrameworksBuildPhase;
			buildActionMask = 2147483647;
			files = (
			);
			runOnlyForDeploymentPostprocessing = 0;
		};
		4900F3B21EB496F2000CF2FD /* Frameworks */ = {
			isa = PBXFrameworksBuildPhase;
			buildActionMask = 2147483647;
			files = (
			);
			runOnlyForDeploymentPostprocessing = 0;
		};
/* End PBXFrameworksBuildPhase section */

/* Begin PBXGroup section */
		4900F38D1EB496F1000CF2FD = {
			isa = PBXGroup;
			children = (
				4900F3981EB496F1000CF2FD /* LocalService */,
				4900F3AD1EB496F2000CF2FD /* LocalServiceTests */,
				4900F3B81EB496F2000CF2FD /* LocalServiceUITests */,
				4900F3971EB496F1000CF2FD /* Products */,
			);
			sourceTree = "<group>";
		};
		4900F3971EB496F1000CF2FD /* Products */ = {
			isa = PBXGroup;
			children = (
				4900F3961EB496F1000CF2FD /* LocalService.app */,
				4900F3AA1EB496F2000CF2FD /* LocalServiceTests.xctest */,
				4900F3B51EB496F2000CF2FD /* LocalServiceUITests.xctest */,
			);
			name = Products;
			sourceTree = "<group>";
		};
		4900F3981EB496F1000CF2FD /* LocalService */ = {
			isa = PBXGroup;
			children = (
				4900F3991EB496F1000CF2FD /* AppDelegate.swift */,
				4900F39B1EB496F1000CF2FD /* ViewController.swift */,
				4900F39D1EB496F1000CF2FD /* Main.storyboard */,
				4900F3A01EB496F1000CF2FD /* Assets.xcassets */,
				4900F3A21EB496F1000CF2FD /* LaunchScreen.storyboard */,
				4900F3A51EB496F1000CF2FD /* Info.plist */,
			);
			path = LocalService;
			sourceTree = "<group>";
		};
		4900F3AD1EB496F2000CF2FD /* LocalServiceTests */ = {
			isa = PBXGroup;
			children = (
				4900F3AE1EB496F2000CF2FD /* LocalServiceTests.swift */,
				4900F3B01EB496F2000CF2FD /* Info.plist */,
			);
			path = LocalServiceTests;
			sourceTree = "<group>";
		};
		4900F3B81EB496F2000CF2FD /* LocalServiceUITests */ = {
			isa = PBXGroup;
			children = (
				4900F3B91EB496F2000CF2FD /* LocalServiceUITests.swift */,
				4900F3BB1EB496F2000CF2FD /* Info.plist */,
			);
			path = LocalServiceUITests;
			sourceTree = "<group>";
		};
/* End PBXGroup section */

/* Begin PBXNativeTarget section */
		4900F3951EB496F1000CF2FD /* LocalService */ = {
			isa = PBXNativeTarget;
			buildConfigurationList = 4900F3BE1EB496F2000CF2FD /* Build configuration list for PBXNativeTarget "LocalService" */;
			buildPhases = (
				4900F3921EB496F1000CF2FD /* Sources */,
				4900F3931EB496F1000CF2FD /* Frameworks */,
				4900F3941EB496F1000CF2FD /* Resources */,
			);
			buildRules = (
			);
			dependencies = (
			);
			name = LocalService;
			productName = LocalService;
			productReference = 4900F3961EB496F1000CF2FD /* LocalService.app */;
			productType = "com.apple.product-type.application";
		};
		4900F3A91EB496F2000CF2FD /* LocalServiceTests */ = {
			isa = PBXNativeTarget;
			buildConfigurationList = 4900F3C11EB496F2000CF2FD /* Build configuration list for PBXNativeTarget "LocalServiceTests" */;
			buildPhases = (
				4900F3A61EB496F2000CF2FD /* Sources */,
				4900F3A71EB496F2000CF2FD /* Frameworks */,
				4900F3A81EB496F2000CF2FD /* Resources */,
			);
			buildRules = (
			);
			dependencies = (
				4900F3AC1EB496F2000CF2FD /* PBXTargetDependency */,
			);
			name = LocalServiceTests;
			productName = LocalServiceTests;
			productReference = 4900F3AA1EB496F2000CF2FD /* LocalServiceTests.xctest */;
			productType = "com.apple.product-type.bundle.unit-test";
		};
		4900F3B41EB496F2000CF2FD /* LocalServiceUITests */ = {
			isa = PBXNativeTarget;
			buildConfigurationList = 4900F3C41EB496F2000CF2FD /* Build configuration list for PBXNativeTarget "LocalServiceUITests" */;
			buildPhases = (
				4900F3B11EB496F2000CF2FD /* Sources */,
				4900F3B21EB496F2000CF2FD /* Frameworks */,
				4900F3B31EB496F2000CF2FD /* Resources */,
			);
			buildRules = (
			);
			dependencies = (
				4900F3B71EB496F2000CF2FD /* PBXTargetDependency */,
			);
			name = LocalServiceUITests;
			productName = LocalServiceUITests;
			productReference = 4900F3B51EB496F2000CF2FD /* LocalServiceUITests.xctest */;
			productType = "com.apple.product-type.bundle.ui-testing";
		};
/* End PBXNativeTarget section */

/* Begin PBXProject section */
		4900F38E1EB496F1000CF2FD /* Project object */ = {
			isa = PBXProject;
			attributes = {
				LastSwiftUpdateCheck = 0820;
				LastUpgradeCheck = 0820;
				ORGANIZATIONNAME = Deakin;
				TargetAttributes = {
					4900F3951EB496F1000CF2FD = {
						CreatedOnToolsVersion = 8.2.1;
						DevelopmentTeam = 24SM6522LU;
						ProvisioningStyle = Automatic;
					};
					4900F3A91EB496F2000CF2FD = {
						CreatedOnToolsVersion = 8.2.1;
						DevelopmentTeam = 24SM6522LU;
						ProvisioningStyle = Automatic;
						TestTargetID = 4900F3951EB496F1000CF2FD;
					};
					4900F3B41EB496F2000CF2FD = {
						CreatedOnToolsVersion = 8.2.1;
						DevelopmentTeam = 24SM6522LU;
						ProvisioningStyle = Automatic;
						TestTargetID = 4900F3951EB496F1000CF2FD;
					};
				};
			};
			buildConfigurationList = 4900F3911EB496F1000CF2FD /* Build configuration list for PBXProject "LocalService" */;
			compatibilityVersion = "Xcode 3.2";
			developmentRegion = English;
			hasScannedForEncodings = 0;
			knownRegions = (
				en,
				Base,
			);
			mainGroup = 4900F38D1EB496F1000CF2FD;
			productRefGroup = 4900F3971EB496F1000CF2FD /* Products */;
			projectDirPath = "";
			projectRoot = "";
			targets = (
				4900F3951EB496F1000CF2FD /* LocalService */,
				4900F3A91EB496F2000CF2FD /* LocalServiceTests */,
				4900F3B41EB496F2000CF2FD /* LocalServiceUITests */,
			);
		};
/* End PBXProject section */

/* Begin PBXResourcesBuildPhase section */
		4900F3941EB496F1000CF2FD /* Resources */ = {
			isa = PBXResourcesBuildPhase;
			buildActionMask = 2147483647;
			files = (
				4900F3A41EB496F1000CF2FD /* LaunchScreen.storyboard in Resources */,
				4900F3A11EB496F1000CF2FD /* Assets.xcassets in Resources */,
				4900F39F1EB496F1000CF2FD /* Main.storyboard in Resources */,
			);
			runOnlyForDeploymentPostprocessing = 0;
		};
		4900F3A81EB496F2000CF2FD /* Resources */ = {
			isa = PBXResourcesBuildPhase;
			buildActionMask = 2147483647;
			files = (
			);
			runOnlyForDeploymentPostprocessing = 0;
		};
		4900F3B31EB496F2000CF2FD /* Resources */ = {
			isa = PBXResourcesBuildPhase;
			buildActionMask = 2147483647;
			files = (
			);
			runOnlyForDeploymentPostprocessing = 0;
		};
/* End PBXResourcesBuildPhase section */

/* Begin PBXSourcesBuildPhase section */
		4900F3921EB496F1000CF2FD /* Sources */ = {
			isa = PBXSourcesBuildPhase;
			buildActionMask = 2147483647;
			files = (
				4900F39C1EB496F1000CF2FD /* ViewController.swift in Sources */,
				4900F39A1EB496F1000CF2FD /* AppDelegate.swift in Sources */,
			);
			runOnlyForDeploymentPostprocessing = 0;
		};
		4900F3A61EB496F2000CF2FD /* Sources */ = {
			isa = PBXSourcesBuildPhase;
			buildActionMask = 2147483647;
			files = (
				4900F3AF1EB496F2000CF2FD /* LocalServiceTests.swift in Sources */,
			);
			runOnlyForDeploymentPostprocessing = 0;
		};
		4900F3B11EB496F2000CF2FD /* Sources */ = {
			isa = PBXSourcesBuildPhase;
			buildActionMask = 2147483647;
			files = (
				4900F3BA1EB496F2000CF2FD /* LocalServiceUITests.swift in Sources */,
			);
			runOnlyForDeploymentPostprocessing = 0;
		};
/* End PBXSourcesBuildPhase section */

/* Begin PBXTargetDependency section */
		4900F3AC1EB496F2000CF2FD /* PBXTargetDependency */ = {
			isa = PBXTargetDependency;
			target = 4900F3951EB496F1000CF2FD /* LocalService */;
			targetProxy = 4900F3AB1EB496F2000CF2FD /* PBXContainerItemProxy */;
		};
		4900F3B71EB496F2000CF2FD /* PBXTargetDependency */ = {
			isa = PBXTargetDependency;
			target = 4900F3951EB496F1000CF2FD /* LocalService */;
			targetProxy = 4900F3B61EB496F2000CF2FD /* PBXContainerItemProxy */;
		};
/* End PBXTargetDependency section */

/* Begin PBXVariantGroup section */
		4900F39D1EB496F1000CF2FD /* Main.storyboard */ = {
			isa = PBXVariantGroup;
			children = (
				4900F39E1EB496F1000CF2FD /* Base */,
			);
			name = Main.storyboard;
			sourceTree = "<group>";
		};
		4900F3A21EB496F1000CF2FD /* LaunchScreen.storyboard */ = {
			isa = PBXVariantGroup;
			children = (
				4900F3A31EB496F1000CF2FD /* Base */,
			);
			name = LaunchScreen.storyboard;
			sourceTree = "<group>";
		};
/* End PBXVariantGroup section */

/* Begin XCBuildConfiguration section */
		4900F3BC1EB496F2000CF2FD /* Debug */ = {
			isa = XCBuildConfiguration;
			buildSettings = {
				ALWAYS_SEARCH_USER_PATHS = NO;
				CLANG_ANALYZER_NONNULL = YES;
				CLANG_CXX_LANGUAGE_STANDARD = "gnu++0x";
				CLANG_CXX_LIBRARY = "libc++";
				CLANG_ENABLE_MODULES = YES;
				CLANG_ENABLE_OBJC_ARC = YES;
				CLANG_WARN_BOOL_CONVERSION = YES;
				CLANG_WARN_CONSTANT_CONVERSION = YES;
				CLANG_WARN_DIRECT_OBJC_ISA_USAGE = YES_ERROR;
				CLANG_WARN_DOCUMENTATION_COMMENTS = YES;
				CLANG_WARN_EMPTY_BODY = YES;
				CLANG_WARN_ENUM_CONVERSION = YES;
				CLANG_WARN_INFINITE_RECURSION = YES;
				CLANG_WARN_INT_CONVERSION = YES;
				CLANG_WARN_OBJC_ROOT_CLASS = YES_ERROR;
				CLANG_WARN_SUSPICIOUS_MOVE = YES;
				CLANG_WARN_UNREACHABLE_CODE = YES;
				CLANG_WARN__DUPLICATE_METHOD_MATCH = YES;
				"CODE_SIGN_IDENTITY[sdk=iphoneos*]" = "iPhone Developer";
				COPY_PHASE_STRIP = NO;
				DEBUG_INFORMATION_FORMAT = dwarf;
				ENABLE_STRICT_OBJC_MSGSEND = YES;
				ENABLE_TESTABILITY = YES;
				GCC_C_LANGUAGE_STANDARD = gnu99;
				GCC_DYNAMIC_NO_PIC = NO;
				GCC_NO_COMMON_BLOCKS = YES;
				GCC_OPTIMIZATION_LEVEL = 0;
				GCC_PREPROCESSOR_DEFINITIONS = (
					"DEBUG=1",
					"$(inherited)",
				);
				GCC_WARN_64_TO_32_BIT_CONVERSION = YES;
				GCC_WARN_ABOUT_RETURN_TYPE = YES_ERROR;
				GCC_WARN_UNDECLARED_SELECTOR = YES;
				GCC_WARN_UNINITIALIZED_AUTOS = YES_AGGRESSIVE;
				GCC_WARN_UNUSED_FUNCTION = YES;
				GCC_WARN_UNUSED_VARIABLE = YES;
				IPHONEOS_DEPLOYMENT_TARGET = 10.2;
				MTL_ENABLE_DEBUG_INFO = YES;
				ONLY_ACTIVE_ARCH = YES;
				SDKROOT = iphoneos;
				SWIFT_ACTIVE_COMPILATION_CONDITIONS = DEBUG;
				SWIFT_OPTIMIZATION_LEVEL = "-Onone";
				TARGETED_DEVICE_FAMILY = "1,2";
			};
			name = Debug;
		};
		4900F3BD1EB496F2000CF2FD /* Release */ = {
			isa = XCBuildConfiguration;
			buildSettings = {
				ALWAYS_SEARCH_USER_PATHS = NO;
				CLANG_ANALYZER_NONNULL = YES;
				CLANG_CXX_LANGUAGE_STANDARD = "gnu++0x";
				CLANG_CXX_LIBRARY = "libc++";
				CLANG_ENABLE_MODULES = YES;
				CLANG_ENABLE_OBJC_ARC = YES;
				CLANG_WARN_BOOL_CONVERSION = YES;
				CLANG_WARN_CONSTANT_CONVERSION = YES;
				CLANG_WARN_DIRECT_OBJC_ISA_USAGE = YES_ERROR;
				CLANG_WARN_DOCUMENTATION_COMMENTS = YES;
				CLANG_WARN_EMPTY_BODY = YES;
				CLANG_WARN_ENUM_CONVERSION = YES;
				CLANG_WARN_INFINITE_RECURSION = YES;
				CLANG_WARN_INT_CONVERSION = YES;
				CLANG_WARN_OBJC_ROOT_CLASS = YES_ERROR;
				CLANG_WARN_SUSPICIOUS_MOVE = YES;
				CLANG_WARN_UNREACHABLE_CODE = YES;
				CLANG_WARN__DUPLICATE_METHOD_MATCH = YES;
				"CODE_SIGN_IDENTITY[sdk=iphoneos*]" = "iPhone Developer";
				COPY_PHASE_STRIP = NO;
				DEBUG_INFORMATION_FORMAT = "dwarf-with-dsym";
				ENABLE_NS_ASSERTIONS = NO;
				ENABLE_STRICT_OBJC_MSGSEND = YES;
				GCC_C_LANGUAGE_STANDARD = gnu99;
				GCC_NO_COMMON_BLOCKS = YES;
				GCC_WARN_64_TO_32_BIT_CONVERSION = YES;
				GCC_WARN_ABOUT_RETURN_TYPE = YES_ERROR;
				GCC_WARN_UNDECLARED_SELECTOR = YES;
				GCC_WARN_UNINITIALIZED_AUTOS = YES_AGGRESSIVE;
				GCC_WARN_UNUSED_FUNCTION = YES;
				GCC_WARN_UNUSED_VARIABLE = YES;
				IPHONEOS_DEPLOYMENT_TARGET = 10.2;
				MTL_ENABLE_DEBUG_INFO = NO;
				SDKROOT = iphoneos;
				SWIFT_OPTIMIZATION_LEVEL = "-Owholemodule";
				TARGETED_DEVICE_FAMILY = "1,2";
				VALIDATE_PRODUCT = YES;
			};
			name = Release;
		};
		4900F3BF1EB496F2000CF2FD /* Debug */ = {
			isa = XCBuildConfiguration;
			buildSettings = {
				ASSETCATALOG_COMPILER_APPICON_NAME = AppIcon;
				DEVELOPMENT_TEAM = 24SM6522LU;
				INFOPLIST_FILE = LocalService/Info.plist;
				LD_RUNPATH_SEARCH_PATHS = "$(inherited) @executable_path/Frameworks";
				PRODUCT_BUNDLE_IDENTIFIER = deakin.edu.au.LocalService;
				PRODUCT_NAME = "$(TARGET_NAME)";
				SWIFT_VERSION = 3.0;
			};
			name = Debug;
		};
		4900F3C01EB496F2000CF2FD /* Release */ = {
			isa = XCBuildConfiguration;
			buildSettings = {
				ASSETCATALOG_COMPILER_APPICON_NAME = AppIcon;
				DEVELOPMENT_TEAM = 24SM6522LU;
				INFOPLIST_FILE = LocalService/Info.plist;
				LD_RUNPATH_SEARCH_PATHS = "$(inherited) @executable_path/Frameworks";
				PRODUCT_BUNDLE_IDENTIFIER = deakin.edu.au.LocalService;
				PRODUCT_NAME = "$(TARGET_NAME)";
				SWIFT_VERSION = 3.0;
			};
			name = Release;
		};
		4900F3C21EB496F2000CF2FD /* Debug */ = {
			isa = XCBuildConfiguration;
			buildSettings = {
				ALWAYS_EMBED_SWIFT_STANDARD_LIBRARIES = YES;
				BUNDLE_LOADER = "$(TEST_HOST)";
				DEVELOPMENT_TEAM = 24SM6522LU;
				INFOPLIST_FILE = LocalServiceTests/Info.plist;
				LD_RUNPATH_SEARCH_PATHS = "$(inherited) @executable_path/Frameworks @loader_path/Frameworks";
				PRODUCT_BUNDLE_IDENTIFIER = deakin.edu.au.LocalServiceTests;
				PRODUCT_NAME = "$(TARGET_NAME)";
				SWIFT_VERSION = 3.0;
				TEST_HOST = "$(BUILT_PRODUCTS_DIR)/LocalService.app/LocalService";
			};
			name = Debug;
		};
		4900F3C31EB496F2000CF2FD /* Release */ = {
			isa = XCBuildConfiguration;
			buildSettings = {
				ALWAYS_EMBED_SWIFT_STANDARD_LIBRARIES = YES;
				BUNDLE_LOADER = "$(TEST_HOST)";
				DEVELOPMENT_TEAM = 24SM6522LU;
				INFOPLIST_FILE = LocalServiceTests/Info.plist;
				LD_RUNPATH_SEARCH_PATHS = "$(inherited) @executable_path/Frameworks @loader_path/Frameworks";
				PRODUCT_BUNDLE_IDENTIFIER = deakin.edu.au.LocalServiceTests;
				PRODUCT_NAME = "$(TARGET_NAME)";
				SWIFT_VERSION = 3.0;
				TEST_HOST = "$(BUILT_PRODUCTS_DIR)/LocalService.app/LocalService";
			};
			name = Release;
		};
		4900F3C51EB496F2000CF2FD /* Debug */ = {
			isa = XCBuildConfiguration;
			buildSettings = {
				ALWAYS_EMBED_SWIFT_STANDARD_LIBRARIES = YES;
				DEVELOPMENT_TEAM = 24SM6522LU;
				INFOPLIST_FILE = LocalServiceUITests/Info.plist;
				LD_RUNPATH_SEARCH_PATHS = "$(inherited) @executable_path/Frameworks @loader_path/Frameworks";
				PRODUCT_BUNDLE_IDENTIFIER = deakin.edu.au.LocalServiceUITests;
				PRODUCT_NAME = "$(TARGET_NAME)";
				SWIFT_VERSION = 3.0;
				TEST_TARGET_NAME = LocalService;
			};
			name = Debug;
		};
		4900F3C61EB496F2000CF2FD /* Release */ = {
			isa = XCBuildConfiguration;
			buildSettings = {
				ALWAYS_EMBED_SWIFT_STANDARD_LIBRARIES = YES;
				DEVELOPMENT_TEAM = 24SM6522LU;
				INFOPLIST_FILE = LocalServiceUITests/Info.plist;
				LD_RUNPATH_SEARCH_PATHS = "$(inherited) @executable_path/Frameworks @loader_path/Frameworks";
				PRODUCT_BUNDLE_IDENTIFIER = deakin.edu.au.LocalServiceUITests;
				PRODUCT_NAME = "$(TARGET_NAME)";
				SWIFT_VERSION = 3.0;
				TEST_TARGET_NAME = LocalService;
			};
			name = Release;
		};
/* End XCBuildConfiguration section */

/* Begin XCConfigurationList section */
		4900F3911EB496F1000CF2FD /* Build configuration list for PBXProject "LocalService" */ = {
			isa = XCConfigurationList;
			buildConfigurations = (
				4900F3BC1EB496F2000CF2FD /* Debug */,
				4900F3BD1EB496F2000CF2FD /* Release */,
			);
			defaultConfigurationIsVisible = 0;
			defaultConfigurationName = Release;
		};
		4900F3BE1EB496F2000CF2FD /* Build configuration list for PBXNativeTarget "LocalService" */ = {
			isa = XCConfigurationList;
			buildConfigurations = (
				4900F3BF1EB496F2000CF2FD /* Debug */,
				4900F3C01EB496F2000CF2FD /* Release */,
			);
			defaultConfigurationIsVisible = 0;
		};
		4900F3C11EB496F2000CF2FD /* Build configuration list for PBXNativeTarget "LocalServiceTests" */ = {
			isa = XCConfigurationList;
			buildConfigurations = (
				4900F3C21EB496F2000CF2FD /* Debug */,
				4900F3C31EB496F2000CF2FD /* Release */,
			);
			defaultConfigurationIsVisible = 0;
		};
		4900F3C41EB496F2000CF2FD /* Build configuration list for PBXNativeTarget "LocalServiceUITests" */ = {
			isa = XCConfigurationList;
			buildConfigurations = (
				4900F3C51EB496F2000CF2FD /* Debug */,
				4900F3C61EB496F2000CF2FD /* Release */,
			);
			defaultConfigurationIsVisible = 0;
		};
/* End XCConfigurationList section */
	};
	rootObject = 4900F38E1EB496F1000CF2FD /* Project object */;
}
